{
  "nodes": {
    "aerospace": {
      "flake": false,
      "locked": {
        "lastModified": 1773014271,
        "narHash": "sha256-FTE1he09SKkm7e4W4wwuhoBSgM3zROlRYcjZiU7Yjsg=",
        "owner": "nikitabobko",
        "repo": "homebrew-tap",
        "rev": "db2dcd4d2fd7087457b3cc0baf597880ac4e35a0",
        "type": "github"
      },
      "original": {
        "owner": "nikitabobko",
        "repo": "homebrew-tap",
        "type": "github"
      }
    },
    "brew-src": {
      "flake": false,
      "locked": {
        "lastModified": 1778427648,
        "narHash": "sha256-pt9KaDGsMyYWB9JeHs4XGHs870f1lOZe3vx9LpVIhUE=",
        "owner": "Homebrew",
        "repo": "brew",
        "rev": "6f293daa9f9f5832e13b497976335e90509886d7",
        "type": "github"
      },
      "original": {
        "owner": "Homebrew",
        "ref": "5.1.11",
        "repo": "brew",
        "type": "github"
      }
    },
    "home-manager": {
      "inputs": {
        "nixpkgs": [
          "nixpkgs"
        ]
      },
      "locked": {
        "lastModified": 1779103424,
        "narHash": "sha256-hBYJz5jnRDjACPrwdD064zwMW+s5bdNlG/lNQipLhgM=",
        "owner": "nix-community",
        "repo": "home-manager",
        "rev": "dd71501fb7005264feb4de78444a2e1518cd4f66",
        "type": "github"
      },
      "original": {
        "owner": "nix-community",
        "repo": "home-manager",
        "type": "github"
      }
    },
    "homebrew-cask": {
      "flake": false,
      "locked": {
        "lastModified": 1779112376,
        "narHash": "sha256-FCR2tBkRyuRkTxlY9G5RqleJsTEjGkcKJ17NXXBGU4E=",
        "owner": "homebrew",
        "repo": "homebrew-cask",
        "rev": "15bedfe417281e1c86fa821ee121c78a41fd969a",
        "type": "github"
      },
      "original": {
        "owner": "homebrew",
        "repo": "homebrew-cask",
        "type": "github"
      }
    },
    "homebrew-core": {
      "flake": false,
      "locked": {
        "lastModified": 1779111161,
        "narHash": "sha256-STBH+KOkiUh9ngdvmnuPI5bzuR50zNLq5Zt3Ut5TooQ=",
        "owner": "homebrew",
        "repo": "homebrew-core",
        "rev": "918a46a3b75095d0281c12719b1d0203c43cb721",
        "type": "github"
      },
      "original": {
        "owner": "homebrew",
        "repo": "homebrew-core",
        "type": "github"
      }
    },
    "janky-borders": {
      "flake": false,
      "locked": {
        "lastModified": 1778761682,
        "narHash": "sha256-7yF1zmBtNk5oWdI+4SMbhAa6ZlxvW9jZoCMPUFt9ytU=",
        "owner": "FelixKratz",
        "repo": "homebrew-formulae",
        "rev": "c53e16d323fd427b3d348470dc99dc0bf0477514",
        "type": "github"
      },
      "original": {
        "owner": "FelixKratz",
        "repo": "homebrew-formulae",
        "type": "github"
      }
    },
    "nix-darwin": {
      "inputs": {
        "nixpkgs": [
          "nixpkgs"
        ]
      },
      "locked": {
        "lastModified": 1779036909,
        "narHash": "sha256-zXcwYQGCT6pzinK+1dBB2ekTVtfxGZAapb3Evdcu4fY=",
        "owner": "nix-darwin",
        "repo": "nix-darwin",
        "rev": "56c666e108467d87d13508936aade6d567f2a501",
        "type": "github"
      },
      "original": {
        "owner": "nix-darwin",
        "ref": "master",
        "repo": "nix-darwin",
        "type": "github"
      }
    },
    "nix-homebrew": {
      "inputs": {
        "brew-src": "brew-src"
      },
      "locked": {
        "lastModified": 1778851564,
        "narHash": "sha256-p8wzcnpB2Iys+QzAKM9/Eyw/pUyqCO3sw/NCnDH4dTE=",
        "owner": "zhaofengli",
        "repo": "nix-homebrew",
        "rev": "b3a87b4793205cc111f3c61e25e018ffac3b8039",
        "type": "github"
      },
      "original": {
        "owner": "zhaofengli",
        "repo": "nix-homebrew",
        "type": "github"
      }
    },
    "nixpkgs": {
      "locked": {
        "lastModified": 1778869304,
        "narHash": "sha256-30sZNZoA1cqF5JNO9fVX+wgiQYjB7HJqqJ4ztCDeBZE=",
        "owner": "NixOS",
        "repo": "nixpkgs",
        "rev": "d233902339c02a9c334e7e593de68855ad26c4cb",
        "type": "github"
      },
      "original": {
        "owner": "NixOS",
        "ref": "nixpkgs-unstable",
        "repo": "nixpkgs",
        "type": "github"
      }
    },
    "root": {
      "inputs": {
        "aerospace": "aerospace",
        "home-manager": "home-manager",
        "homebrew-cask": "homebrew-cask",
        "homebrew-core": "homebrew-core",
        "janky-borders": "janky-borders",
        "nix-darwin": "nix-darwin",
        "nix-homebrew": "nix-homebrew",
        "nixpkgs": "nixpkgs",
        "swipeaerospace": "swipeaerospace"
      }
    },
    "swipeaerospace": {
      "flake": false,
      "locked": {
        "lastModified": 1775874546,
        "narHash": "sha256-4wqjHpkyXRpyTTkeCK6DgdGwVV8iJNEQB1rUQC4T0zY=",
        "owner": "mediosz",
        "repo": "homebrew-tap",
        "rev": "c05229afc1af8c6f2290cabd67004923669a9021",
        "type": "github"
      },
      "original": {
        "owner": "mediosz",
        "repo": "homebrew-tap",
        "type": "github"
      }
    }
  },
  "root": "root",
  "version": 7
}
